
Microsoft Visual Studio Solution File, Format Version 12.00
# Visual Studio Version 17
VisualStudioVersion = 17.4.33213.308
MinimumVisualStudioVersion = 10.0.40219.1
Project("{FAE04EC0-301F-11D3-BF4B-00C04F79EFBC}") = "NeatBurger", "NeatBurger.csproj", "{93622BDD-77D0-4995-9C91-85FDD1E84E9F}"
EndProject
Global
	GlobalSection(SolutionConfigurationPlatforms) = preSolution
		Debug|Any CPU = Debug|Any CPU
		Release|Any CPU = Release|Any CPU
	EndGlobalSection
	GlobalSection(ProjectConfigurationPlatforms) = postSolution
		{93622BDD-77D0-4995-9C91-85FDD1E84E9F}.Debug|Any CPU.ActiveCfg = Debug|Any CPU
		{93622BDD-77D0-4995-9C91-85FDD1E84E9F}.Debug|Any CPU.Build.0 = Debug|Any CPU
		{93622BDD-77D0-4995-9C91-85FDD1E84E9F}.Release|Any CPU.ActiveCfg = Release|Any CPU
		{93622BDD-77D0-4995-9C91-85FDD1E84E9F}.Release|Any CPU.Build.0 = Release|Any CPU
	EndGlobalSection
	GlobalSection(SolutionProperties) = preSolution
		HideSolutionNode = FALSE
	EndGlobalSection
	GlobalSection(ExtensibilityGlobals) = postSolution
		SolutionGuid = {BD512EC3-F8E2-430E-ADE5-37B7F51A2986}
	EndGlobalSection
EndGlobal
